
Microsoft Visual Studio Solution File, Format Version 12.00
# Visual Studio Version 16
VisualStudioVersion = 16.0.32407.337
MinimumVisualStudioVersion = 10.0.40219.1
Project("{FAE04EC0-301F-11D3-BF4B-00C04F79EFBC}") = "барбершоп", "барбершоп\барбершоп.csproj", "{5A490135-9D3C-4410-933F-01F6B033BACE}"
EndProject
Global
	GlobalSection(SolutionConfigurationPlatforms) = preSolution
		Debug|Any CPU = Debug|Any CPU
		Release|Any CPU = Release|Any CPU
	EndGlobalSection
	GlobalSection(ProjectConfigurationPlatforms) = postSolution
		{5A490135-9D3C-4410-933F-01F6B033BACE}.Debug|Any CPU.ActiveCfg = Debug|Any CPU
		{5A490135-9D3C-4410-933F-01F6B033BACE}.Debug|Any CPU.Build.0 = Debug|Any CPU
		{5A490135-9D3C-4410-933F-01F6B033BACE}.Release|Any CPU.ActiveCfg = Release|Any CPU
		{5A490135-9D3C-4410-933F-01F6B033BACE}.Release|Any CPU.Build.0 = Release|Any CPU
	EndGlobalSection
	GlobalSection(SolutionProperties) = preSolution
		HideSolutionNode = FALSE
	EndGlobalSection
	GlobalSection(ExtensibilityGlobals) = postSolution
		SolutionGuid = {832D67F0-827C-4819-98B1-97BEE83B8517}
	EndGlobalSection
EndGlobal
